// !$*UTF8*$!
{
	archiveVersion = 1;
	classes = {
	};
	objectVersion = 50;
	objects = {

/* Begin PBXBuildFile section */
		0E57A7DA2539974C00E5423E /* Library.framework in Frameworks */ = {isa = PBXBuildFile; fileRef = 0E57A7D12539974B00E5423E /* Library.framework */; };
		0E57A7E12539974C00E5423E /* LibraryTests.swift in Sources */ = {isa = PBXBuildFile; fileRef = 0E57A7E02539974C00E5423E /* LibraryTests.swift */; };
		0E57A7E32539974C00E5423E /* Library.h in Headers */ = {isa = PBXBuildFile; fileRef = 0E57A7D32539974B00E5423E /* Library.h */; settings = {ATTRIBUTES = (Public, ); }; };
		0E57A7E62539974C00E5423E /* Library.framework in Frameworks */ = {isa = PBXBuildFile; fileRef = 0E57A7D12539974B00E5423E /* Library.framework */; };
		0E57A7E72539974C00E5423E /* Library.framework in Embed Frameworks */ = {isa = PBXBuildFile; fileRef = 0E57A7D12539974B00E5423E /* Library.framework */; settings = {ATTRIBUTES = (CodeSignOnCopy, RemoveHeadersOnCopy, ); }; };
		0E57A7F7253997E900E5423E /* Reusable.swift in Sources */ = {isa = PBXBuildFile; fileRef = 0E57A7F6253997E900E5423E /* Reusable.swift */; };
		0E57A7FF253997FA00E5423E /* UICollectionView+Extensions.swift in Sources */ = {isa = PBXBuildFile; fileRef = 0E57A7FE253997FA00E5423E /* UICollectionView+Extensions.swift */; };
		0EDC974725359872008738A5 /* TestUICollectionViewCompositionalLayoutTests.swift in Sources */ = {isa = PBXBuildFile; fileRef = 0EDC974625359872008738A5 /* TestUICollectionViewCompositionalLayoutTests.swift */; };
		0EDC975225359872008738A5 /* TestUICollectionViewCompositionalLayoutUITests.swift in Sources */ = {isa = PBXBuildFile; fileRef = 0EDC975125359872008738A5 /* TestUICollectionViewCompositionalLayoutUITests.swift */; };
		0EDC97902535A6A3008738A5 /* AppDelegate.swift in Sources */ = {isa = PBXBuildFile; fileRef = 0EDC977D2535A6A3008738A5 /* AppDelegate.swift */; };
		0EDC97912535A6A3008738A5 /* SceneDelegate.swift in Sources */ = {isa = PBXBuildFile; fileRef = 0EDC977E2535A6A3008738A5 /* SceneDelegate.swift */; };
		0EDC97922535A6A3008738A5 /* LaunchScreen.storyboard in Resources */ = {isa = PBXBuildFile; fileRef = 0EDC97882535A6A3008738A5 /* LaunchScreen.storyboard */; };
		0EDC97932535A6A3008738A5 /* Main.storyboard in Resources */ = {isa = PBXBuildFile; fileRef = 0EDC978A2535A6A3008738A5 /* Main.storyboard */; };
		0EDC97942535A6A3008738A5 /* Assets.xcassets in Resources */ = {isa = PBXBuildFile; fileRef = 0EDC978F2535A6A3008738A5 /* Assets.xcassets */; };
		0EDC979C2535A73F008738A5 /* PhotoListViewController.swift in Sources */ = {isa = PBXBuildFile; fileRef = 0EDC979B2535A73F008738A5 /* PhotoListViewController.swift */; };
		0EDC97A12535A751008738A5 /* PhotoListViewController.storyboard in Resources */ = {isa = PBXBuildFile; fileRef = 0EDC97A02535A751008738A5 /* PhotoListViewController.storyboard */; };
		0EDC97B32535A910008738A5 /* API.framework in Frameworks */ = {isa = PBXBuildFile; fileRef = 0EDC97AA2535A90F008738A5 /* API.framework */; };
		0EDC97BA2535A910008738A5 /* APITests.swift in Sources */ = {isa = PBXBuildFile; fileRef = 0EDC97B92535A910008738A5 /* APITests.swift */; };
		0EDC97BC2535A910008738A5 /* API.h in Headers */ = {isa = PBXBuildFile; fileRef = 0EDC97AC2535A90F008738A5 /* API.h */; settings = {ATTRIBUTES = (Public, ); }; };
		0EDC97BF2535A910008738A5 /* API.framework in Frameworks */ = {isa = PBXBuildFile; fileRef = 0EDC97AA2535A90F008738A5 /* API.framework */; };
		0EDC97C02535A910008738A5 /* API.framework in Embed Frameworks */ = {isa = PBXBuildFile; fileRef = 0EDC97AA2535A90F008738A5 /* API.framework */; settings = {ATTRIBUTES = (CodeSignOnCopy, RemoveHeadersOnCopy, ); }; };
		0EDC97D02535A9BC008738A5 /* Request.swift in Sources */ = {isa = PBXBuildFile; fileRef = 0EDC97CF2535A9BC008738A5 /* Request.swift */; };
		0EDC97D62535AA33008738A5 /* Session.swift in Sources */ = {isa = PBXBuildFile; fileRef = 0EDC97D52535AA33008738A5 /* Session.swift */; };
		0EDC97F02535AAF6008738A5 /* Photo.swift in Sources */ = {isa = PBXBuildFile; fileRef = 0EDC97EF2535AAF6008738A5 /* Photo.swift */; };
		0EDC98002535AB1A008738A5 /* PhotoListRequest.swift in Sources */ = {isa = PBXBuildFile; fileRef = 0EDC97FF2535AB1A008738A5 /* PhotoListRequest.swift */; };
		0EDC980E2535AF98008738A5 /* ImageDownloader.swift in Sources */ = {isa = PBXBuildFile; fileRef = 0EDC980D2535AF98008738A5 /* ImageDownloader.swift */; };
		0EDC98142535B0A0008738A5 /* Photo.swift in Sources */ = {isa = PBXBuildFile; fileRef = 0EDC98132535B0A0008738A5 /* Photo.swift */; };
		0EDC981A2535B0B3008738A5 /* PhotoList.swift in Sources */ = {isa = PBXBuildFile; fileRef = 0EDC98192535B0B3008738A5 /* PhotoList.swift */; };
		0EDC98202535B14A008738A5 /* PhotoListUseCase.swift in Sources */ = {isa = PBXBuildFile; fileRef = 0EDC981F2535B14A008738A5 /* PhotoListUseCase.swift */; };
		0EDC98262535B24E008738A5 /* PhotoListRepository.swift in Sources */ = {isa = PBXBuildFile; fileRef = 0EDC98252535B24E008738A5 /* PhotoListRepository.swift */; };
		0EDC983C2535B5A6008738A5 /* ImageCollectionViewCell.swift in Sources */ = {isa = PBXBuildFile; fileRef = 0EDC983A2535B5A6008738A5 /* ImageCollectionViewCell.swift */; };
		0EDC983D2535B5A6008738A5 /* ImageCollectionViewCell.xib in Resources */ = {isa = PBXBuildFile; fileRef = 0EDC983B2535B5A6008738A5 /* ImageCollectionViewCell.xib */; };
		0EDC98442535B657008738A5 /* LoadingReusableView.swift in Sources */ = {isa = PBXBuildFile; fileRef = 0EDC98422535B657008738A5 /* LoadingReusableView.swift */; };
		0EDC98452535B657008738A5 /* LoadingReusableView.xib in Resources */ = {isa = PBXBuildFile; fileRef = 0EDC98432535B657008738A5 /* LoadingReusableView.xib */; };
		0EDC984C2535B727008738A5 /* LoadingCollectionViewCell.swift in Sources */ = {isa = PBXBuildFile; fileRef = 0EDC984A2535B727008738A5 /* LoadingCollectionViewCell.swift */; };
		0EDC984D2535B727008738A5 /* LoadingCollectionViewCell.xib in Resources */ = {isa = PBXBuildFile; fileRef = 0EDC984B2535B727008738A5 /* LoadingCollectionViewCell.xib */; };
		0EDC98532535B777008738A5 /* PhotoListViewData.swift in Sources */ = {isa = PBXBuildFile; fileRef = 0EDC98522535B777008738A5 /* PhotoListViewData.swift */; };
		0EDC98592535B7BE008738A5 /* PhotoListPresenter.swift in Sources */ = {isa = PBXBuildFile; fileRef = 0EDC98582535B7BE008738A5 /* PhotoListPresenter.swift */; };
/* End PBXBuildFile section */

/* Begin PBXContainerItemProxy section */
		0E57A7DB2539974C00E5423E /* PBXContainerItemProxy */ = {
			isa = PBXContainerItemProxy;
			containerPortal = 0EDC972425359870008738A5 /* Project object */;
			proxyType = 1;
			remoteGlobalIDString = 0E57A7D02539974B00E5423E;
			remoteInfo = Library;
		};
		0E57A7DD2539974C00E5423E /* PBXContainerItemProxy */ = {
			isa = PBXContainerItemProxy;
			containerPortal = 0EDC972425359870008738A5 /* Project object */;
			proxyType = 1;
			remoteGlobalIDString = 0EDC972B25359870008738A5;
			remoteInfo = TestUICollectionViewCompositionalLayout;
		};
		0E57A7E42539974C00E5423E /* PBXContainerItemProxy */ = {
			isa = PBXContainerItemProxy;
			containerPortal = 0EDC972425359870008738A5 /* Project object */;
			proxyType = 1;
			remoteGlobalIDString = 0E57A7D02539974B00E5423E;
			remoteInfo = Library;
		};
		0EDC974325359872008738A5 /* PBXContainerItemProxy */ = {
			isa = PBXContainerItemProxy;
			containerPortal = 0EDC972425359870008738A5 /* Project object */;
			proxyType = 1;
			remoteGlobalIDString = 0EDC972B25359870008738A5;
			remoteInfo = TestUICollectionViewCompositionalLayout;
		};
		0EDC974E25359872008738A5 /* PBXContainerItemProxy */ = {
			isa = PBXContainerItemProxy;
			containerPortal = 0EDC972425359870008738A5 /* Project object */;
			proxyType = 1;
			remoteGlobalIDString = 0EDC972B25359870008738A5;
			remoteInfo = TestUICollectionViewCompositionalLayout;
		};
		0EDC97B42535A910008738A5 /* PBXContainerItemProxy */ = {
			isa = PBXContainerItemProxy;
			containerPortal = 0EDC972425359870008738A5 /* Project object */;
			proxyType = 1;
			remoteGlobalIDString = 0EDC97A92535A90F008738A5;
			remoteInfo = API;
		};
		0EDC97B62535A910008738A5 /* PBXContainerItemProxy */ = {
			isa = PBXContainerItemProxy;
			containerPortal = 0EDC972425359870008738A5 /* Project object */;
			proxyType = 1;
			remoteGlobalIDString = 0EDC972B25359870008738A5;
			remoteInfo = TestUICollectionViewCompositionalLayout;
		};
		0EDC97BD2535A910008738A5 /* PBXContainerItemProxy */ = {
			isa = PBXContainerItemProxy;
			containerPortal = 0EDC972425359870008738A5 /* Project object */;
			proxyType = 1;
			remoteGlobalIDString = 0EDC97A92535A90F008738A5;
			remoteInfo = API;
		};
/* End PBXContainerItemProxy section */

/* Begin PBXCopyFilesBuildPhase section */
		0EDC97C42535A910008738A5 /* Embed Frameworks */ = {
			isa = PBXCopyFilesBuildPhase;
			buildActionMask = 2147483647;
			dstPath = "";
			dstSubfolderSpec = 10;
			files = (
				0E57A7E72539974C00E5423E /* Library.framework in Embed Frameworks */,
				0EDC97C02535A910008738A5 /* API.framework in Embed Frameworks */,
			);
			name = "Embed Frameworks";
			runOnlyForDeploymentPostprocessing = 0;
		};
/* End PBXCopyFilesBuildPhase section */

/* Begin PBXFileReference section */
		0E57A7D12539974B00E5423E /* Library.framework */ = {isa = PBXFileReference; explicitFileType = wrapper.framework; includeInIndex = 0; path = Library.framework; sourceTree = BUILT_PRODUCTS_DIR; };
		0E57A7D32539974B00E5423E /* Library.h */ = {isa = PBXFileReference; lastKnownFileType = sourcecode.c.h; path = Library.h; sourceTree = "<group>"; };
		0E57A7D42539974B00E5423E /* Info.plist */ = {isa = PBXFileReference; lastKnownFileType = text.plist.xml; path = Info.plist; sourceTree = "<group>"; };
		0E57A7D92539974C00E5423E /* LibraryTests.xctest */ = {isa = PBXFileReference; explicitFileType = wrapper.cfbundle; includeInIndex = 0; path = LibraryTests.xctest; sourceTree = BUILT_PRODUCTS_DIR; };
		0E57A7E02539974C00E5423E /* LibraryTests.swift */ = {isa = PBXFileReference; lastKnownFileType = sourcecode.swift; path = LibraryTests.swift; sourceTree = "<group>"; };
		0E57A7E22539974C00E5423E /* Info.plist */ = {isa = PBXFileReference; lastKnownFileType = text.plist.xml; path = Info.plist; sourceTree = "<group>"; };
		0E57A7F6253997E900E5423E /* Reusable.swift */ = {isa = PBXFileReference; lastKnownFileType = sourcecode.swift; path = Reusable.swift; sourceTree = "<group>"; };
		0E57A7FE253997FA00E5423E /* UICollectionView+Extensions.swift */ = {isa = PBXFileReference; lastKnownFileType = sourcecode.swift; path = "UICollectionView+Extensions.swift"; sourceTree = "<group>"; };
		0EDC972C25359870008738A5 /* TestUICollectionViewCompositionalLayout.app */ = {isa = PBXFileReference; explicitFileType = wrapper.application; includeInIndex = 0; path = TestUICollectionViewCompositionalLayout.app; sourceTree = BUILT_PRODUCTS_DIR; };
		0EDC973D25359872008738A5 /* Info.plist */ = {isa = PBXFileReference; lastKnownFileType = text.plist.xml; path = Info.plist; sourceTree = "<group>"; };
		0EDC974225359872008738A5 /* TestUICollectionViewCompositionalLayoutTests.xctest */ = {isa = PBXFileReference; explicitFileType = wrapper.cfbundle; includeInIndex = 0; path = TestUICollectionViewCompositionalLayoutTests.xctest; sourceTree = BUILT_PRODUCTS_DIR; };
		0EDC974625359872008738A5 /* TestUICollectionViewCompositionalLayoutTests.swift */ = {isa = PBXFileReference; lastKnownFileType = sourcecode.swift; path = TestUICollectionViewCompositionalLayoutTests.swift; sourceTree = "<group>"; };
		0EDC974825359872008738A5 /* Info.plist */ = {isa = PBXFileReference; lastKnownFileType = text.plist.xml; path = Info.plist; sourceTree = "<group>"; };
		0EDC974D25359872008738A5 /* TestUICollectionViewCompositionalLayoutUITests.xctest */ = {isa = PBXFileReference; explicitFileType = wrapper.cfbundle; includeInIndex = 0; path = TestUICollectionViewCompositionalLayoutUITests.xctest; sourceTree = BUILT_PRODUCTS_DIR; };
		0EDC975125359872008738A5 /* TestUICollectionViewCompositionalLayoutUITests.swift */ = {isa = PBXFileReference; lastKnownFileType = sourcecode.swift; path = TestUICollectionViewCompositionalLayoutUITests.swift; sourceTree = "<group>"; };
		0EDC975325359872008738A5 /* Info.plist */ = {isa = PBXFileReference; lastKnownFileType = text.plist.xml; path = Info.plist; sourceTree = "<group>"; };
		0EDC977D2535A6A3008738A5 /* AppDelegate.swift */ = {isa = PBXFileReference; fileEncoding = 4; lastKnownFileType = sourcecode.swift; path = AppDelegate.swift; sourceTree = "<group>"; };
		0EDC977E2535A6A3008738A5 /* SceneDelegate.swift */ = {isa = PBXFileReference; fileEncoding = 4; lastKnownFileType = sourcecode.swift; path = SceneDelegate.swift; sourceTree = "<group>"; };
		0EDC97892535A6A3008738A5 /* Base */ = {isa = PBXFileReference; lastKnownFileType = file.storyboard; name = Base; path = Base.lproj/LaunchScreen.storyboard; sourceTree = "<group>"; };
		0EDC978B2535A6A3008738A5 /* Base */ = {isa = PBXFileReference; lastKnownFileType = file.storyboard; name = Base; path = Base.lproj/Main.storyboard; sourceTree = "<group>"; };
		0EDC978F2535A6A3008738A5 /* Assets.xcassets */ = {isa = PBXFileReference; lastKnownFileType = folder.assetcatalog; path = Assets.xcassets; sourceTree = "<group>"; };
		0EDC979B2535A73F008738A5 /* PhotoListViewController.swift */ = {isa = PBXFileReference; lastKnownFileType = sourcecode.swift; path = PhotoListViewController.swift; sourceTree = "<group>"; };
		0EDC97A02535A751008738A5 /* PhotoListViewController.storyboard */ = {isa = PBXFileReference; lastKnownFileType = file.storyboard; path = PhotoListViewController.storyboard; sourceTree = "<group>"; };
		0EDC97AA2535A90F008738A5 /* API.framework */ = {isa = PBXFileReference; explicitFileType = wrapper.framework; includeInIndex = 0; path = API.framework; sourceTree = BUILT_PRODUCTS_DIR; };
		0EDC97AC2535A90F008738A5 /* API.h */ = {isa = PBXFileReference; lastKnownFileType = sourcecode.c.h; path = API.h; sourceTree = "<group>"; };
		0EDC97AD2535A90F008738A5 /* Info.plist */ = {isa = PBXFileReference; lastKnownFileType = text.plist.xml; path = Info.plist; sourceTree = "<group>"; };
		0EDC97B22535A910008738A5 /* APITests.xctest */ = {isa = PBXFileReference; explicitFileType = wrapper.cfbundle; includeInIndex = 0; path = APITests.xctest; sourceTree = BUILT_PRODUCTS_DIR; };
		0EDC97B92535A910008738A5 /* APITests.swift */ = {isa = PBXFileReference; lastKnownFileType = sourcecode.swift; path = APITests.swift; sourceTree = "<group>"; };
		0EDC97BB2535A910008738A5 /* Info.plist */ = {isa = PBXFileReference; lastKnownFileType = text.plist.xml; path = Info.plist; sourceTree = "<group>"; };
		0EDC97CF2535A9BC008738A5 /* Request.swift */ = {isa = PBXFileReference; lastKnownFileType = sourcecode.swift; path = Request.swift; sourceTree = "<group>"; };
		0EDC97D52535AA33008738A5 /* Session.swift */ = {isa = PBXFileReference; lastKnownFileType = sourcecode.swift; path = Session.swift; sourceTree = "<group>"; };
		0EDC97EF2535AAF6008738A5 /* Photo.swift */ = {isa = PBXFileReference; lastKnownFileType = sourcecode.swift; path = Photo.swift; sourceTree = "<group>"; };
		0EDC97FF2535AB1A008738A5 /* PhotoListRequest.swift */ = {isa = PBXFileReference; lastKnownFileType = sourcecode.swift; path = PhotoListRequest.swift; sourceTree = "<group>"; };
		0EDC980D2535AF98008738A5 /* ImageDownloader.swift */ = {isa = PBXFileReference; lastKnownFileType = sourcecode.swift; path = ImageDownloader.swift; sourceTree = "<group>"; };
		0EDC98132535B0A0008738A5 /* Photo.swift */ = {isa = PBXFileReference; lastKnownFileType = sourcecode.swift; path = Photo.swift; sourceTree = "<group>"; };
		0EDC98192535B0B3008738A5 /* PhotoList.swift */ = {isa = PBXFileReference; lastKnownFileType = sourcecode.swift; path = PhotoList.swift; sourceTree = "<group>"; };
		0EDC981F2535B14A008738A5 /* PhotoListUseCase.swift */ = {isa = PBXFileReference; lastKnownFileType = sourcecode.swift; path = PhotoListUseCase.swift; sourceTree = "<group>"; };
		0EDC98252535B24E008738A5 /* PhotoListRepository.swift */ = {isa = PBXFileReference; lastKnownFileType = sourcecode.swift; path = PhotoListRepository.swift; sourceTree = "<group>"; };
		0EDC983A2535B5A6008738A5 /* ImageCollectionViewCell.swift */ = {isa = PBXFileReference; lastKnownFileType = sourcecode.swift; path = ImageCollectionViewCell.swift; sourceTree = "<group>"; };
		0EDC983B2535B5A6008738A5 /* ImageCollectionViewCell.xib */ = {isa = PBXFileReference; lastKnownFileType = file.xib; path = ImageCollectionViewCell.xib; sourceTree = "<group>"; };
		0EDC98422535B657008738A5 /* LoadingReusableView.swift */ = {isa = PBXFileReference; lastKnownFileType = sourcecode.swift; path = LoadingReusableView.swift; sourceTree = "<group>"; };
		0EDC98432535B657008738A5 /* LoadingReusableView.xib */ = {isa = PBXFileReference; lastKnownFileType = file.xib; path = LoadingReusableView.xib; sourceTree = "<group>"; };
		0EDC984A2535B727008738A5 /* LoadingCollectionViewCell.swift */ = {isa = PBXFileReference; lastKnownFileType = sourcecode.swift; path = LoadingCollectionViewCell.swift; sourceTree = "<group>"; };
		0EDC984B2535B727008738A5 /* LoadingCollectionViewCell.xib */ = {isa = PBXFileReference; lastKnownFileType = file.xib; path = LoadingCollectionViewCell.xib; sourceTree = "<group>"; };
		0EDC98522535B777008738A5 /* PhotoListViewData.swift */ = {isa = PBXFileReference; lastKnownFileType = sourcecode.swift; path = PhotoListViewData.swift; sourceTree = "<group>"; };
		0EDC98582535B7BE008738A5 /* PhotoListPresenter.swift */ = {isa = PBXFileReference; lastKnownFileType = sourcecode.swift; path = PhotoListPresenter.swift; sourceTree = "<group>"; };
/* End PBXFileReference section */

/* Begin PBXFrameworksBuildPhase section */
		0E57A7CE2539974B00E5423E /* Frameworks */ = {
			isa = PBXFrameworksBuildPhase;
			buildActionMask = 2147483647;
			files = (
			);
			runOnlyForDeploymentPostprocessing = 0;
		};
		0E57A7D62539974C00E5423E /* Frameworks */ = {
			isa = PBXFrameworksBuildPhase;
			buildActionMask = 2147483647;
			files = (
				0E57A7DA2539974C00E5423E /* Library.framework in Frameworks */,
			);
			runOnlyForDeploymentPostprocessing = 0;
		};
		0EDC972925359870008738A5 /* Frameworks */ = {
			isa = PBXFrameworksBuildPhase;
			buildActionMask = 2147483647;
			files = (
				0E57A7E62539974C00E5423E /* Library.framework in Frameworks */,
				0EDC97BF2535A910008738A5 /* API.framework in Frameworks */,
			);
			runOnlyForDeploymentPostprocessing = 0;
		};
		0EDC973F25359872008738A5 /* Frameworks */ = {
			isa = PBXFrameworksBuildPhase;
			buildActionMask = 2147483647;
			files = (
			);
			runOnlyForDeploymentPostprocessing = 0;
		};
		0EDC974A25359872008738A5 /* Frameworks */ = {
			isa = PBXFrameworksBuildPhase;
			buildActionMask = 2147483647;
			files = (
			);
			runOnlyForDeploymentPostprocessing = 0;
		};
		0EDC97A72535A90F008738A5 /* Frameworks */ = {
			isa = PBXFrameworksBuildPhase;
			buildActionMask = 2147483647;
			files = (
			);
			runOnlyForDeploymentPostprocessing = 0;
		};
		0EDC97AF2535A910008738A5 /* Frameworks */ = {
			isa = PBXFrameworksBuildPhase;
			buildActionMask = 2147483647;
			files = (
				0EDC97B32535A910008738A5 /* API.framework in Frameworks */,
			);
			runOnlyForDeploymentPostprocessing = 0;
		};
/* End PBXFrameworksBuildPhase section */

/* Begin PBXGroup section */
		0E57A7D22539974B00E5423E /* Library */ = {
			isa = PBXGroup;
			children = (
				0E57A7F4253997CE00E5423E /* Source */,
				0E57A7D32539974B00E5423E /* Library.h */,
				0E57A7D42539974B00E5423E /* Info.plist */,
			);
			path = Library;
			sourceTree = "<group>";
		};
		0E57A7DF2539974C00E5423E /* LibraryTests */ = {
			isa = PBXGroup;
			children = (
				0E57A7E02539974C00E5423E /* LibraryTests.swift */,
				0E57A7E22539974C00E5423E /* Info.plist */,
			);
			path = LibraryTests;
			sourceTree = "<group>";
		};
		0E57A7F4253997CE00E5423E /* Source */ = {
			isa = PBXGroup;
			children = (
				0E57A7F6253997E900E5423E /* Reusable.swift */,
				0E57A7F5253997CE00E5423E /* Extension */,
			);
			path = Source;
			sourceTree = "<group>";
		};
		0E57A7F5253997CE00E5423E /* Extension */ = {
			isa = PBXGroup;
			children = (
				0E57A7FE253997FA00E5423E /* UICollectionView+Extensions.swift */,
			);
			path = Extension;
			sourceTree = "<group>";
		};
		0EDC972325359870008738A5 = {
			isa = PBXGroup;
			children = (
				0EDC972E25359870008738A5 /* TestUICollectionViewCompositionalLayout */,
				0EDC974525359872008738A5 /* TestUICollectionViewCompositionalLayoutTests */,
				0EDC975025359872008738A5 /* TestUICollectionViewCompositionalLayoutUITests */,
				0EDC97AB2535A90F008738A5 /* API */,
				0EDC97B82535A910008738A5 /* APITests */,
				0E57A7D22539974B00E5423E /* Library */,
				0E57A7DF2539974C00E5423E /* LibraryTests */,
				0EDC972D25359870008738A5 /* Products */,
			);
			sourceTree = "<group>";
		};
		0EDC972D25359870008738A5 /* Products */ = {
			isa = PBXGroup;
			children = (
				0EDC972C25359870008738A5 /* TestUICollectionViewCompositionalLayout.app */,
				0EDC974225359872008738A5 /* TestUICollectionViewCompositionalLayoutTests.xctest */,
				0EDC974D25359872008738A5 /* TestUICollectionViewCompositionalLayoutUITests.xctest */,
				0EDC97AA2535A90F008738A5 /* API.framework */,
				0EDC97B22535A910008738A5 /* APITests.xctest */,
				0E57A7D12539974B00E5423E /* Library.framework */,
				0E57A7D92539974C00E5423E /* LibraryTests.xctest */,
			);
			name = Products;
			sourceTree = "<group>";
		};
		0EDC972E25359870008738A5 /* TestUICollectionViewCompositionalLayout */ = {
			isa = PBXGroup;
			children = (
				0EDC97772535A6A3008738A5 /* Data */,
				0EDC97792535A6A3008738A5 /* Domain */,
				0EDC978C2535A6A3008738A5 /* Driver */,
				0EDC977C2535A6A3008738A5 /* Main */,
				0EDC977F2535A6A3008738A5 /* Presentaion */,
				0EDC978E2535A6A3008738A5 /* Resource */,
				0EDC973D25359872008738A5 /* Info.plist */,
			);
			path = TestUICollectionViewCompositionalLayout;
			sourceTree = "<group>";
		};
		0EDC974525359872008738A5 /* TestUICollectionViewCompositionalLayoutTests */ = {
			isa = PBXGroup;
			children = (
				0EDC974625359872008738A5 /* TestUICollectionViewCompositionalLayoutTests.swift */,
				0EDC974825359872008738A5 /* Info.plist */,
			);
			path = TestUICollectionViewCompositionalLayoutTests;
			sourceTree = "<group>";
		};
		0EDC975025359872008738A5 /* TestUICollectionViewCompositionalLayoutUITests */ = {
			isa = PBXGroup;
			children = (
				0EDC975125359872008738A5 /* TestUICollectionViewCompositionalLayoutUITests.swift */,
				0EDC975325359872008738A5 /* Info.plist */,
			);
			path = TestUICollectionViewCompositionalLayoutUITests;
			sourceTree = "<group>";
		};
		0EDC97772535A6A3008738A5 /* Data */ = {
			isa = PBXGroup;
			children = (
				0EDC97782535A6A3008738A5 /* Repository */,
			);
			path = Data;
			sourceTree = "<group>";
		};
		0EDC97782535A6A3008738A5 /* Repository */ = {
			isa = PBXGroup;
			children = (
				0EDC98252535B24E008738A5 /* PhotoListRepository.swift */,
			);
			path = Repository;
			sourceTree = "<group>";
		};
		0EDC97792535A6A3008738A5 /* Domain */ = {
			isa = PBXGroup;
			children = (
				0EDC977A2535A6A3008738A5 /* Entity */,
				0EDC977B2535A6A3008738A5 /* UseCase */,
			);
			path = Domain;
			sourceTree = "<group>";
		};
		0EDC977A2535A6A3008738A5 /* Entity */ = {
			isa = PBXGroup;
			children = (
				0EDC98132535B0A0008738A5 /* Photo.swift */,
				0EDC98192535B0B3008738A5 /* PhotoList.swift */,
			);
			path = Entity;
			sourceTree = "<group>";
		};
		0EDC977B2535A6A3008738A5 /* UseCase */ = {
			isa = PBXGroup;
			children = (
				0EDC981F2535B14A008738A5 /* PhotoListUseCase.swift */,
			);
			path = UseCase;
			sourceTree = "<group>";
		};
		0EDC977C2535A6A3008738A5 /* Main */ = {
			isa = PBXGroup;
			children = (
				0EDC977D2535A6A3008738A5 /* AppDelegate.swift */,
				0EDC977E2535A6A3008738A5 /* SceneDelegate.swift */,
			);
			path = Main;
			sourceTree = "<group>";
		};
		0EDC977F2535A6A3008738A5 /* Presentaion */ = {
			isa = PBXGroup;
			children = (
				0EDC97802535A6A3008738A5 /* UI */,
				0EDC97872535A6A3008738A5 /* Main */,
			);
			path = Presentaion;
			sourceTree = "<group>";
		};
		0EDC97802535A6A3008738A5 /* UI */ = {
			isa = PBXGroup;
			children = (
				0EDC97852535A6A3008738A5 /* Common */,
				0EDC97812535A6A3008738A5 /* PhotoList */,
			);
			path = UI;
			sourceTree = "<group>";
		};
		0EDC97812535A6A3008738A5 /* PhotoList */ = {
			isa = PBXGroup;
			children = (
				0EDC97822535A6A3008738A5 /* ViewData */,
				0EDC97832535A6A3008738A5 /* Presenter */,
				0EDC97842535A6A3008738A5 /* ViewController */,
			);
			path = PhotoList;
			sourceTree = "<group>";
		};
		0EDC97822535A6A3008738A5 /* ViewData */ = {
			isa = PBXGroup;
			children = (
				0EDC98522535B777008738A5 /* PhotoListViewData.swift */,
			);
			path = ViewData;
			sourceTree = "<group>";
		};
		0EDC97832535A6A3008738A5 /* Presenter */ = {
			isa = PBXGroup;
			children = (
				0EDC98582535B7BE008738A5 /* PhotoListPresenter.swift */,
			);
			path = Presenter;
			sourceTree = "<group>";
		};
		0EDC97842535A6A3008738A5 /* ViewController */ = {
			isa = PBXGroup;
			children = (
				0EDC979B2535A73F008738A5 /* PhotoListViewController.swift */,
				0EDC97A02535A751008738A5 /* PhotoListViewController.storyboard */,
			);
			path = ViewController;
			sourceTree = "<group>";
		};
		0EDC97852535A6A3008738A5 /* Common */ = {
			isa = PBXGroup;
			children = (
				0EDC97862535A6A3008738A5 /* View */,
			);
			path = Common;
			sourceTree = "<group>";
		};
		0EDC97862535A6A3008738A5 /* View */ = {
			isa = PBXGroup;
			children = (
				0EDC983A2535B5A6008738A5 /* ImageCollectionViewCell.swift */,
				0EDC983B2535B5A6008738A5 /* ImageCollectionViewCell.xib */,
				0EDC98422535B657008738A5 /* LoadingReusableView.swift */,
				0EDC98432535B657008738A5 /* LoadingReusableView.xib */,
				0EDC984A2535B727008738A5 /* LoadingCollectionViewCell.swift */,
				0EDC984B2535B727008738A5 /* LoadingCollectionViewCell.xib */,
			);
			path = View;
			sourceTree = "<group>";
		};
		0EDC97872535A6A3008738A5 /* Main */ = {
			isa = PBXGroup;
			children = (
				0EDC97882535A6A3008738A5 /* LaunchScreen.storyboard */,
				0EDC978A2535A6A3008738A5 /* Main.storyboard */,
			);
			path = Main;
			sourceTree = "<group>";
		};
		0EDC978C2535A6A3008738A5 /* Driver */ = {
			isa = PBXGroup;
			children = (
				0EDC978D2535A6A3008738A5 /* ImageDownloader */,
			);
			path = Driver;
			sourceTree = "<group>";
		};
		0EDC978D2535A6A3008738A5 /* ImageDownloader */ = {
			isa = PBXGroup;
			children = (
				0EDC980D2535AF98008738A5 /* ImageDownloader.swift */,
			);
			path = ImageDownloader;
			sourceTree = "<group>";
		};
		0EDC978E2535A6A3008738A5 /* Resource */ = {
			isa = PBXGroup;
			children = (
				0EDC982B2535B3A1008738A5 /* samples */,
				0EDC978F2535A6A3008738A5 /* Assets.xcassets */,
			);
			path = Resource;
			sourceTree = "<group>";
		};
		0EDC97AB2535A90F008738A5 /* API */ = {
			isa = PBXGroup;
			children = (
				0EDC97CC2535A964008738A5 /* Source */,
				0EDC97AC2535A90F008738A5 /* API.h */,
				0EDC97AD2535A90F008738A5 /* Info.plist */,
			);
			path = API;
			sourceTree = "<group>";
		};
		0EDC97B82535A910008738A5 /* APITests */ = {
			isa = PBXGroup;
			children = (
				0EDC97B92535A910008738A5 /* APITests.swift */,
				0EDC97BB2535A910008738A5 /* Info.plist */,
			);
			path = APITests;
			sourceTree = "<group>";
		};
		0EDC97CC2535A964008738A5 /* Source */ = {
			isa = PBXGroup;
			children = (
				0EDC97CF2535A9BC008738A5 /* Request.swift */,
				0EDC97D52535AA33008738A5 /* Session.swift */,
				0EDC97CE2535A964008738A5 /* Request */,
				0EDC97CD2535A964008738A5 /* Response */,
			);
			path = Source;
			sourceTree = "<group>";
		};
		0EDC97CD2535A964008738A5 /* Response */ = {
			isa = PBXGroup;
			children = (
				0EDC97EF2535AAF6008738A5 /* Photo.swift */,
			);
			path = Response;
			sourceTree = "<group>";
		};
		0EDC97CE2535A964008738A5 /* Request */ = {
			isa = PBXGroup;
			children = (
				0EDC97FF2535AB1A008738A5 /* PhotoListRequest.swift */,
			);
			path = Request;
			sourceTree = "<group>";
		};
		0EDC982B2535B3A1008738A5 /* samples */ = {
			isa = PBXGroup;
			children = (
			);
			path = samples;
			sourceTree = "<group>";
		};
/* End PBXGroup section */

/* Begin PBXHeadersBuildPhase section */
		0E57A7CC2539974B00E5423E /* Headers */ = {
			isa = PBXHeadersBuildPhase;
			buildActionMask = 2147483647;
			files = (
				0E57A7E32539974C00E5423E /* Library.h in Headers */,
			);
			runOnlyForDeploymentPostprocessing = 0;
		};
		0EDC97A52535A90F008738A5 /* Headers */ = {
			isa = PBXHeadersBuildPhase;
			buildActionMask = 2147483647;
			files = (
				0EDC97BC2535A910008738A5 /* API.h in Headers */,
			);
			runOnlyForDeploymentPostprocessing = 0;
		};
/* End PBXHeadersBuildPhase section */

/* Begin PBXNativeTarget section */
		0E57A7D02539974B00E5423E /* Library */ = {
			isa = PBXNativeTarget;
			buildConfigurationList = 0E57A7EC2539974C00E5423E /* Build configuration list for PBXNativeTarget "Library" */;
			buildPhases = (
				0E57A7CC2539974B00E5423E /* Headers */,
				0E57A7CD2539974B00E5423E /* Sources */,
				0E57A7CE2539974B00E5423E /* Frameworks */,
				0E57A7CF2539974B00E5423E /* Resources */,
			);
			buildRules = (
			);
			dependencies = (
			);
			name = Library;
			productName = Library;
			productReference = 0E57A7D12539974B00E5423E /* Library.framework */;
			productType = "com.apple.product-type.framework";
		};
		0E57A7D82539974C00E5423E /* LibraryTests */ = {
			isa = PBXNativeTarget;
			buildConfigurationList = 0E57A7ED2539974C00E5423E /* Build configuration list for PBXNativeTarget "LibraryTests" */;
			buildPhases = (
				0E57A7D52539974C00E5423E /* Sources */,
				0E57A7D62539974C00E5423E /* Frameworks */,
				0E57A7D72539974C00E5423E /* Resources */,
			);
			buildRules = (
			);
			dependencies = (
				0E57A7DC2539974C00E5423E /* PBXTargetDependency */,
				0E57A7DE2539974C00E5423E /* PBXTargetDependency */,
			);
			name = LibraryTests;
			productName = LibraryTests;
			productReference = 0E57A7D92539974C00E5423E /* LibraryTests.xctest */;
			productType = "com.apple.product-type.bundle.unit-test";
		};
		0EDC972B25359870008738A5 /* TestUICollectionViewCompositionalLayout */ = {
			isa = PBXNativeTarget;
			buildConfigurationList = 0EDC975625359872008738A5 /* Build configuration list for PBXNativeTarget "TestUICollectionViewCompositionalLayout" */;
			buildPhases = (
				0EDC972825359870008738A5 /* Sources */,
				0EDC972925359870008738A5 /* Frameworks */,
				0EDC972A25359870008738A5 /* Resources */,
				0EDC97C42535A910008738A5 /* Embed Frameworks */,
			);
			buildRules = (
			);
			dependencies = (
				0EDC97BE2535A910008738A5 /* PBXTargetDependency */,
				0E57A7E52539974C00E5423E /* PBXTargetDependency */,
			);
			name = TestUICollectionViewCompositionalLayout;
			productName = TestUICollectionViewCompositionalLayout;
			productReference = 0EDC972C25359870008738A5 /* TestUICollectionViewCompositionalLayout.app */;
			productType = "com.apple.product-type.application";
		};
		0EDC974125359872008738A5 /* TestUICollectionViewCompositionalLayoutTests */ = {
			isa = PBXNativeTarget;
			buildConfigurationList = 0EDC975925359872008738A5 /* Build configuration list for PBXNativeTarget "TestUICollectionViewCompositionalLayoutTests" */;
			buildPhases = (
				0EDC973E25359872008738A5 /* Sources */,
				0EDC973F25359872008738A5 /* Frameworks */,
				0EDC974025359872008738A5 /* Resources */,
			);
			buildRules = (
			);
			dependencies = (
				0EDC974425359872008738A5 /* PBXTargetDependency */,
			);
			name = TestUICollectionViewCompositionalLayoutTests;
			productName = TestUICollectionViewCompositionalLayoutTests;
			productReference = 0EDC974225359872008738A5 /* TestUICollectionViewCompositionalLayoutTests.xctest */;
			productType = "com.apple.product-type.bundle.unit-test";
		};
		0EDC974C25359872008738A5 /* TestUICollectionViewCompositionalLayoutUITests */ = {
			isa = PBXNativeTarget;
			buildConfigurationList = 0EDC975C25359872008738A5 /* Build configuration list for PBXNativeTarget "TestUICollectionViewCompositionalLayoutUITests" */;
			buildPhases = (
				0EDC974925359872008738A5 /* Sources */,
				0EDC974A25359872008738A5 /* Frameworks */,
				0EDC974B25359872008738A5 /* Resources */,
			);
			buildRules = (
			);
			dependencies = (
				0EDC974F25359872008738A5 /* PBXTargetDependency */,
			);
			name = TestUICollectionViewCompositionalLayoutUITests;
			productName = TestUICollectionViewCompositionalLayoutUITests;
			productReference = 0EDC974D25359872008738A5 /* TestUICollectionViewCompositionalLayoutUITests.xctest */;
			productType = "com.apple.product-type.bundle.ui-testing";
		};
		0EDC97A92535A90F008738A5 /* API */ = {
			isa = PBXNativeTarget;
			buildConfigurationList = 0EDC97C12535A910008738A5 /* Build configuration list for PBXNativeTarget "API" */;
			buildPhases = (
				0EDC97A52535A90F008738A5 /* Headers */,
				0EDC97A62535A90F008738A5 /* Sources */,
				0EDC97A72535A90F008738A5 /* Frameworks */,
				0EDC97A82535A90F008738A5 /* Resources */,
			);
			buildRules = (
			);
			dependencies = (
			);
			name = API;
			productName = API;
			productReference = 0EDC97AA2535A90F008738A5 /* API.framework */;
			productType = "com.apple.product-type.framework";
		};
		0EDC97B12535A910008738A5 /* APITests */ = {
			isa = PBXNativeTarget;
			buildConfigurationList = 0EDC97C52535A910008738A5 /* Build configuration list for PBXNativeTarget "APITests" */;
			buildPhases = (
				0EDC97AE2535A910008738A5 /* Sources */,
				0EDC97AF2535A910008738A5 /* Frameworks */,
				0EDC97B02535A910008738A5 /* Resources */,
			);
			buildRules = (
			);
			dependencies = (
				0EDC97B52535A910008738A5 /* PBXTargetDependency */,
				0EDC97B72535A910008738A5 /* PBXTargetDependency */,
			);
			name = APITests;
			productName = APITests;
			productReference = 0EDC97B22535A910008738A5 /* APITests.xctest */;
			productType = "com.apple.product-type.bundle.unit-test";
		};
/* End PBXNativeTarget section */

/* Begin PBXProject section */
		0EDC972425359870008738A5 /* Project object */ = {
			isa = PBXProject;
			attributes = {
				LastSwiftUpdateCheck = 1200;
				LastUpgradeCheck = 1200;
				ORGANIZATIONNAME = "Kosuke Matsuda";
				TargetAttributes = {
					0E57A7D02539974B00E5423E = {
						CreatedOnToolsVersion = 12.0.1;
						LastSwiftMigration = 1200;
					};
					0E57A7D82539974C00E5423E = {
						CreatedOnToolsVersion = 12.0.1;
						TestTargetID = 0EDC972B25359870008738A5;
					};
					0EDC972B25359870008738A5 = {
						CreatedOnToolsVersion = 12.0.1;
					};
					0EDC974125359872008738A5 = {
						CreatedOnToolsVersion = 12.0.1;
						TestTargetID = 0EDC972B25359870008738A5;
					};
					0EDC974C25359872008738A5 = {
						CreatedOnToolsVersion = 12.0.1;
						TestTargetID = 0EDC972B25359870008738A5;
					};
					0EDC97A92535A90F008738A5 = {
						CreatedOnToolsVersion = 12.0.1;
						LastSwiftMigration = 1200;
					};
					0EDC97B12535A910008738A5 = {
						CreatedOnToolsVersion = 12.0.1;
						TestTargetID = 0EDC972B25359870008738A5;
					};
				};
			};
			buildConfigurationList = 0EDC972725359870008738A5 /* Build configuration list for PBXProject "TestUICollectionViewCompositionalLayout" */;
			compatibilityVersion = "Xcode 9.3";
			developmentRegion = en;
			hasScannedForEncodings = 0;
			knownRegions = (
				en,
				Base,
			);
			mainGroup = 0EDC972325359870008738A5;
			productRefGroup = 0EDC972D25359870008738A5 /* Products */;
			projectDirPath = "";
			projectRoot = "";
			targets = (
				0EDC972B25359870008738A5 /* TestUICollectionViewCompositionalLayout */,
				0EDC974125359872008738A5 /* TestUICollectionViewCompositionalLayoutTests */,
				0EDC974C25359872008738A5 /* TestUICollectionViewCompositionalLayoutUITests */,
				0EDC97A92535A90F008738A5 /* API */,
				0EDC97B12535A910008738A5 /* APITests */,
				0E57A7D02539974B00E5423E /* Library */,
				0E57A7D82539974C00E5423E /* LibraryTests */,
			);
		};
/* End PBXProject section */

/* Begin PBXResourcesBuildPhase section */
		0E57A7CF2539974B00E5423E /* Resources */ = {
			isa = PBXResourcesBuildPhase;
			buildActionMask = 2147483647;
			files = (
			);
			runOnlyForDeploymentPostprocessing = 0;
		};
		0E57A7D72539974C00E5423E /* Resources */ = {
			isa = PBXResourcesBuildPhase;
			buildActionMask = 2147483647;
			files = (
			);
			runOnlyForDeploymentPostprocessing = 0;
		};
		0EDC972A25359870008738A5 /* Resources */ = {
			isa = PBXResourcesBuildPhase;
			buildActionMask = 2147483647;
			files = (
				0EDC984D2535B727008738A5 /* LoadingCollectionViewCell.xib in Resources */,
				0EDC97922535A6A3008738A5 /* LaunchScreen.storyboard in Resources */,
				0EDC97942535A6A3008738A5 /* Assets.xcassets in Resources */,
				0EDC97A12535A751008738A5 /* PhotoListViewController.storyboard in Resources */,
				0EDC97932535A6A3008738A5 /* Main.storyboard in Resources */,
				0EDC98452535B657008738A5 /* LoadingReusableView.xib in Resources */,
				0EDC983D2535B5A6008738A5 /* ImageCollectionViewCell.xib in Resources */,
			);
			runOnlyForDeploymentPostprocessing = 0;
		};
		0EDC974025359872008738A5 /* Resources */ = {
			isa = PBXResourcesBuildPhase;
			buildActionMask = 2147483647;
			files = (
			);
			runOnlyForDeploymentPostprocessing = 0;
		};
		0EDC974B25359872008738A5 /* Resources */ = {
			isa = PBXResourcesBuildPhase;
			buildActionMask = 2147483647;
			files = (
			);
			runOnlyForDeploymentPostprocessing = 0;
		};
		0EDC97A82535A90F008738A5 /* Resources */ = {
			isa = PBXResourcesBuildPhase;
			buildActionMask = 2147483647;
			files = (
			);
			runOnlyForDeploymentPostprocessing = 0;
		};
		0EDC97B02535A910008738A5 /* Resources */ = {
			isa = PBXResourcesBuildPhase;
			buildActionMask = 2147483647;
			files = (
			);
			runOnlyForDeploymentPostprocessing = 0;
		};
/* End PBXResourcesBuildPhase section */

/* Begin PBXSourcesBuildPhase section */
		0E57A7CD2539974B00E5423E /* Sources */ = {
			isa = PBXSourcesBuildPhase;
			buildActionMask = 2147483647;
			files = (
				0E57A7FF253997FA00E5423E /* UICollectionView+Extensions.swift in Sources */,
				0E57A7F7253997E900E5423E /* Reusable.swift in Sources */,
			);
			runOnlyForDeploymentPostprocessing = 0;
		};
		0E57A7D52539974C00E5423E /* Sources */ = {
			isa = PBXSourcesBuildPhase;
			buildActionMask = 2147483647;
			files = (
				0E57A7E12539974C00E5423E /* LibraryTests.swift in Sources */,
			);
			runOnlyForDeploymentPostprocessing = 0;
		};
		0EDC972825359870008738A5 /* Sources */ = {
			isa = PBXSourcesBuildPhase;
			buildActionMask = 2147483647;
			files = (
				0EDC97902535A6A3008738A5 /* AppDelegate.swift in Sources */,
				0EDC97912535A6A3008738A5 /* SceneDelegate.swift in Sources */,
				0EDC984C2535B727008738A5 /* LoadingCollectionViewCell.swift in Sources */,
				0EDC98592535B7BE008738A5 /* PhotoListPresenter.swift in Sources */,
				0EDC98262535B24E008738A5 /* PhotoListRepository.swift in Sources */,
				0EDC981A2535B0B3008738A5 /* PhotoList.swift in Sources */,
				0EDC980E2535AF98008738A5 /* ImageDownloader.swift in Sources */,
				0EDC979C2535A73F008738A5 /* PhotoListViewController.swift in Sources */,
				0EDC983C2535B5A6008738A5 /* ImageCollectionViewCell.swift in Sources */,
				0EDC98142535B0A0008738A5 /* Photo.swift in Sources */,
				0EDC98532535B777008738A5 /* PhotoListViewData.swift in Sources */,
				0EDC98442535B657008738A5 /* LoadingReusableView.swift in Sources */,
				0EDC98202535B14A008738A5 /* PhotoListUseCase.swift in Sources */,
			);
			runOnlyForDeploymentPostprocessing = 0;
		};
		0EDC973E25359872008738A5 /* Sources */ = {
			isa = PBXSourcesBuildPhase;
			buildActionMask = 2147483647;
			files = (
				0EDC974725359872008738A5 /* TestUICollectionViewCompositionalLayoutTests.swift in Sources */,
			);
			runOnlyForDeploymentPostprocessing = 0;
		};
		0EDC974925359872008738A5 /* Sources */ = {
			isa = PBXSourcesBuildPhase;
			buildActionMask = 2147483647;
			files = (
				0EDC975225359872008738A5 /* TestUICollectionViewCompositionalLayoutUITests.swift in Sources */,
			);
			runOnlyForDeploymentPostprocessing = 0;
		};
		0EDC97A62535A90F008738A5 /* Sources */ = {
			isa = PBXSourcesBuildPhase;
			buildActionMask = 2147483647;
			files = (
				0EDC97D62535AA33008738A5 /* Session.swift in Sources */,
				0EDC97D02535A9BC008738A5 /* Request.swift in Sources */,
				0EDC98002535AB1A008738A5 /* PhotoListRequest.swift in Sources */,
				0EDC97F02535AAF6008738A5 /* Photo.swift in Sources */,
			);
			runOnlyForDeploymentPostprocessing = 0;
		};
		0EDC97AE2535A910008738A5 /* Sources */ = {
			isa = PBXSourcesBuildPhase;
			buildActionMask = 2147483647;
			files = (
				0EDC97BA2535A910008738A5 /* APITests.swift in Sources */,
			);
			runOnlyForDeploymentPostprocessing = 0;
		};
/* End PBXSourcesBuildPhase section */

/* Begin PBXTargetDependency section */
		0E57A7DC2539974C00E5423E /* PBXTargetDependency */ = {
			isa = PBXTargetDependency;
			target = 0E57A7D02539974B00E5423E /* Library */;
			targetProxy = 0E57A7DB2539974C00E5423E /* PBXContainerItemProxy */;
		};
		0E57A7DE2539974C00E5423E /* PBXTargetDependency */ = {
			isa = PBXTargetDependency;
			target = 0EDC972B25359870008738A5 /* TestUICollectionViewCompositionalLayout */;
			targetProxy = 0E57A7DD2539974C00E5423E /* PBXContainerItemProxy */;
		};
		0E57A7E52539974C00E5423E /* PBXTargetDependency */ = {
			isa = PBXTargetDependency;
			target = 0E57A7D02539974B00E5423E /* Library */;
			targetProxy = 0E57A7E42539974C00E5423E /* PBXContainerItemProxy */;
		};
		0EDC974425359872008738A5 /* PBXTargetDependency */ = {
			isa = PBXTargetDependency;
			target = 0EDC972B25359870008738A5 /* TestUICollectionViewCompositionalLayout */;
			targetProxy = 0EDC974325359872008738A5 /* PBXContainerItemProxy */;
		};
		0EDC974F25359872008738A5 /* PBXTargetDependency */ = {
			isa = PBXTargetDependency;
			target = 0EDC972B25359870008738A5 /* TestUICollectionViewCompositionalLayout */;
			targetProxy = 0EDC974E25359872008738A5 /* PBXContainerItemProxy */;
		};
		0EDC97B52535A910008738A5 /* PBXTargetDependency */ = {
			isa = PBXTargetDependency;
			target = 0EDC97A92535A90F008738A5 /* API */;
			targetProxy = 0EDC97B42535A910008738A5 /* PBXContainerItemProxy */;
		};
		0EDC97B72535A910008738A5 /* PBXTargetDependency */ = {
			isa = PBXTargetDependency;
			target = 0EDC972B25359870008738A5 /* TestUICollectionViewCompositionalLayout */;
			targetProxy = 0EDC97B62535A910008738A5 /* PBXContainerItemProxy */;
		};
		0EDC97BE2535A910008738A5 /* PBXTargetDependency */ = {
			isa = PBXTargetDependency;
			target = 0EDC97A92535A90F008738A5 /* API */;
			targetProxy = 0EDC97BD2535A910008738A5 /* PBXContainerItemProxy */;
		};
/* End PBXTargetDependency section */

/* Begin PBXVariantGroup section */
		0EDC97882535A6A3008738A5 /* LaunchScreen.storyboard */ = {
			isa = PBXVariantGroup;
			children = (
				0EDC97892535A6A3008738A5 /* Base */,
			);
			name = LaunchScreen.storyboard;
			sourceTree = "<group>";
		};
		0EDC978A2535A6A3008738A5 /* Main.storyboard */ = {
			isa = PBXVariantGroup;
			children = (
				0EDC978B2535A6A3008738A5 /* Base */,
			);
			name = Main.storyboard;
			sourceTree = "<group>";
		};
/* End PBXVariantGroup section */

/* Begin XCBuildConfiguration section */
		0E57A7E82539974C00E5423E /* Debug */ = {
			isa = XCBuildConfiguration;
			buildSettings = {
				CLANG_ENABLE_MODULES = YES;
				CODE_SIGN_STYLE = Automatic;
				CURRENT_PROJECT_VERSION = 1;
				DEFINES_MODULE = YES;
				DYLIB_COMPATIBILITY_VERSION = 1;
				DYLIB_CURRENT_VERSION = 1;
				DYLIB_INSTALL_NAME_BASE = "@rpath";
				INFOPLIST_FILE = Library/Info.plist;
				INSTALL_PATH = "$(LOCAL_LIBRARY_DIR)/Frameworks";
				LD_RUNPATH_SEARCH_PATHS = (
					"$(inherited)",
					"@executable_path/Frameworks",
					"@loader_path/Frameworks",
				);
				PRODUCT_BUNDLE_IDENTIFIER = com.github.matsuda.Library;
				PRODUCT_NAME = "$(TARGET_NAME:c99extidentifier)";
				SKIP_INSTALL = YES;
				SWIFT_OPTIMIZATION_LEVEL = "-Onone";
				SWIFT_VERSION = 5.0;
				TARGETED_DEVICE_FAMILY = "1,2";
				VERSIONING_SYSTEM = "apple-generic";
				VERSION_INFO_PREFIX = "";
			};
			name = Debug;
		};
		0E57A7E92539974C00E5423E /* Release */ = {
			isa = XCBuildConfiguration;
			buildSettings = {
				CLANG_ENABLE_MODULES = YES;
				CODE_SIGN_STYLE = Automatic;
				CURRENT_PROJECT_VERSION = 1;
				DEFINES_MODULE = YES;
				DYLIB_COMPATIBILITY_VERSION = 1;
				DYLIB_CURRENT_VERSION = 1;
				DYLIB_INSTALL_NAME_BASE = "@rpath";
				INFOPLIST_FILE = Library/Info.plist;
				INSTALL_PATH = "$(LOCAL_LIBRARY_DIR)/Frameworks";
				LD_RUNPATH_SEARCH_PATHS = (
					"$(inherited)",
					"@executable_path/Frameworks",
					"@loader_path/Frameworks",
				);
				PRODUCT_BUNDLE_IDENTIFIER = com.github.matsuda.Library;
				PRODUCT_NAME = "$(TARGET_NAME:c99extidentifier)";
				SKIP_INSTALL = YES;
				SWIFT_VERSION = 5.0;
				TARGETED_DEVICE_FAMILY = "1,2";
				VERSIONING_SYSTEM = "apple-generic";
				VERSION_INFO_PREFIX = "";
			};
			name = Release;
		};
		0E57A7EA2539974C00E5423E /* Debug */ = {
			isa = XCBuildConfiguration;
			buildSettings = {
				ALWAYS_EMBED_SWIFT_STANDARD_LIBRARIES = YES;
				CODE_SIGN_STYLE = Automatic;
				INFOPLIST_FILE = LibraryTests/Info.plist;
				LD_RUNPATH_SEARCH_PATHS = (
					"$(inherited)",
					"@executable_path/Frameworks",
					"@loader_path/Frameworks",
				);
				PRODUCT_BUNDLE_IDENTIFIER = com.github.matsuda.LibraryTests;
				PRODUCT_NAME = "$(TARGET_NAME)";
				SWIFT_VERSION = 5.0;
				TARGETED_DEVICE_FAMILY = "1,2";
				TEST_HOST = "$(BUILT_PRODUCTS_DIR)/TestUICollectionViewCompositionalLayout.app/TestUICollectionViewCompositionalLayout";
			};
			name = Debug;
		};
		0E57A7EB2539974C00E5423E /* Release */ = {
			isa = XCBuildConfiguration;
			buildSettings = {
				ALWAYS_EMBED_SWIFT_STANDARD_LIBRARIES = YES;
				CODE_SIGN_STYLE = Automatic;
				INFOPLIST_FILE = LibraryTests/Info.plist;
				LD_RUNPATH_SEARCH_PATHS = (
					"$(inherited)",
					"@executable_path/Frameworks",
					"@loader_path/Frameworks",
				);
				PRODUCT_BUNDLE_IDENTIFIER = com.github.matsuda.LibraryTests;
				PRODUCT_NAME = "$(TARGET_NAME)";
				SWIFT_VERSION = 5.0;
				TARGETED_DEVICE_FAMILY = "1,2";
				TEST_HOST = "$(BUILT_PRODUCTS_DIR)/TestUICollectionViewCompositionalLayout.app/TestUICollectionViewCompositionalLayout";
			};
			name = Release;
		};
		0EDC975425359872008738A5 /* Debug */ = {
			isa = XCBuildConfiguration;
			buildSettings = {
				ALWAYS_SEARCH_USER_PATHS = NO;
				CLANG_ANALYZER_NONNULL = YES;
				CLANG_ANALYZER_NUMBER_OBJECT_CONVERSION = YES_AGGRESSIVE;
				CLANG_CXX_LANGUAGE_STANDARD = "gnu++14";
				CLANG_CXX_LIBRARY = "libc++";
				CLANG_ENABLE_MODULES = YES;
				CLANG_ENABLE_OBJC_ARC = YES;
				CLANG_ENABLE_OBJC_WEAK = YES;
				CLANG_WARN_BLOCK_CAPTURE_AUTORELEASING = YES;
				CLANG_WARN_BOOL_CONVERSION = YES;
				CLANG_WARN_COMMA = YES;
				CLANG_WARN_CONSTANT_CONVERSION = YES;
				CLANG_WARN_DEPRECATED_OBJC_IMPLEMENTATIONS = YES;
				CLANG_WARN_DIRECT_OBJC_ISA_USAGE = YES_ERROR;
				CLANG_WARN_DOCUMENTATION_COMMENTS = YES;
				CLANG_WARN_EMPTY_BODY = YES;
				CLANG_WARN_ENUM_CONVERSION = YES;
				CLANG_WARN_INFINITE_RECURSION = YES;
				CLANG_WARN_INT_CONVERSION = YES;
				CLANG_WARN_NON_LITERAL_NULL_CONVERSION = YES;
				CLANG_WARN_OBJC_IMPLICIT_RETAIN_SELF = YES;
				CLANG_WARN_OBJC_LITERAL_CONVERSION = YES;
				CLANG_WARN_OBJC_ROOT_CLASS = YES_ERROR;
				CLANG_WARN_QUOTED_INCLUDE_IN_FRAMEWORK_HEADER = YES;
				CLANG_WARN_RANGE_LOOP_ANALYSIS = YES;
				CLANG_WARN_STRICT_PROTOTYPES = YES;
				CLANG_WARN_SUSPICIOUS_MOVE = YES;
				CLANG_WARN_UNGUARDED_AVAILABILITY = YES_AGGRESSIVE;
				CLANG_WARN_UNREACHABLE_CODE = YES;
				CLANG_WARN__DUPLICATE_METHOD_MATCH = YES;
				COPY_PHASE_STRIP = NO;
				DEBUG_INFORMATION_FORMAT = dwarf;
				ENABLE_STRICT_OBJC_MSGSEND = YES;
				ENABLE_TESTABILITY = YES;
				GCC_C_LANGUAGE_STANDARD = gnu11;
				GCC_DYNAMIC_NO_PIC = NO;
				GCC_NO_COMMON_BLOCKS = YES;
				GCC_OPTIMIZATION_LEVEL = 0;
				GCC_PREPROCESSOR_DEFINITIONS = (
					"DEBUG=1",
					"$(inherited)",
				);
				GCC_WARN_64_TO_32_BIT_CONVERSION = YES;
				GCC_WARN_ABOUT_RETURN_TYPE = YES_ERROR;
				GCC_WARN_UNDECLARED_SELECTOR = YES;
				GCC_WARN_UNINITIALIZED_AUTOS = YES_AGGRESSIVE;
				GCC_WARN_UNUSED_FUNCTION = YES;
				GCC_WARN_UNUSED_VARIABLE = YES;
				IPHONEOS_DEPLOYMENT_TARGET = 14.0;
				MTL_ENABLE_DEBUG_INFO = INCLUDE_SOURCE;
				MTL_FAST_MATH = YES;
				ONLY_ACTIVE_ARCH = YES;
				SDKROOT = iphoneos;
				SWIFT_ACTIVE_COMPILATION_CONDITIONS = DEBUG;
				SWIFT_OPTIMIZATION_LEVEL = "-Onone";
			};
			name = Debug;
		};
		0EDC975525359872008738A5 /* Release */ = {
			isa = XCBuildConfiguration;
			buildSettings = {
				ALWAYS_SEARCH_USER_PATHS = NO;
				CLANG_ANALYZER_NONNULL = YES;
				CLANG_ANALYZER_NUMBER_OBJECT_CONVERSION = YES_AGGRESSIVE;
				CLANG_CXX_LANGUAGE_STANDARD = "gnu++14";
				CLANG_CXX_LIBRARY = "libc++";
				CLANG_ENABLE_MODULES = YES;
				CLANG_ENABLE_OBJC_ARC = YES;
				CLANG_ENABLE_OBJC_WEAK = YES;
				CLANG_WARN_BLOCK_CAPTURE_AUTORELEASING = YES;
				CLANG_WARN_BOOL_CONVERSION = YES;
				CLANG_WARN_COMMA = YES;
				CLANG_WARN_CONSTANT_CONVERSION = YES;
				CLANG_WARN_DEPRECATED_OBJC_IMPLEMENTATIONS = YES;
				CLANG_WARN_DIRECT_OBJC_ISA_USAGE = YES_ERROR;
				CLANG_WARN_DOCUMENTATION_COMMENTS = YES;
				CLANG_WARN_EMPTY_BODY = YES;
				CLANG_WARN_ENUM_CONVERSION = YES;
				CLANG_WARN_INFINITE_RECURSION = YES;
				CLANG_WARN_INT_CONVERSION = YES;
				CLANG_WARN_NON_LITERAL_NULL_CONVERSION = YES;
				CLANG_WARN_OBJC_IMPLICIT_RETAIN_SELF = YES;
				CLANG_WARN_OBJC_LITERAL_CONVERSION = YES;
				CLANG_WARN_OBJC_ROOT_CLASS = YES_ERROR;
				CLANG_WARN_QUOTED_INCLUDE_IN_FRAMEWORK_HEADER = YES;
				CLANG_WARN_RANGE_LOOP_ANALYSIS = YES;
				CLANG_WARN_STRICT_PROTOTYPES = YES;
				CLANG_WARN_SUSPICIOUS_MOVE = YES;
				CLANG_WARN_UNGUARDED_AVAILABILITY = YES_AGGRESSIVE;
				CLANG_WARN_UNREACHABLE_CODE = YES;
				CLANG_WARN__DUPLICATE_METHOD_MATCH = YES;
				COPY_PHASE_STRIP = NO;
				DEBUG_INFORMATION_FORMAT = "dwarf-with-dsym";
				ENABLE_NS_ASSERTIONS = NO;
				ENABLE_STRICT_OBJC_MSGSEND = YES;
				GCC_C_LANGUAGE_STANDARD = gnu11;
				GCC_NO_COMMON_BLOCKS = YES;
				GCC_WARN_64_TO_32_BIT_CONVERSION = YES;
				GCC_WARN_ABOUT_RETURN_TYPE = YES_ERROR;
				GCC_WARN_UNDECLARED_SELECTOR = YES;
				GCC_WARN_UNINITIALIZED_AUTOS = YES_AGGRESSIVE;
				GCC_WARN_UNUSED_FUNCTION = YES;
				GCC_WARN_UNUSED_VARIABLE = YES;
				IPHONEOS_DEPLOYMENT_TARGET = 14.0;
				MTL_ENABLE_DEBUG_INFO = NO;
				MTL_FAST_MATH = YES;
				SDKROOT = iphoneos;
				SWIFT_COMPILATION_MODE = wholemodule;
				SWIFT_OPTIMIZATION_LEVEL = "-O";
				VALIDATE_PRODUCT = YES;
			};
			name = Release;
		};
		0EDC975725359872008738A5 /* Debug */ = {
			isa = XCBuildConfiguration;
			buildSettings = {
				ALWAYS_EMBED_SWIFT_STANDARD_LIBRARIES = YES;
				ASSETCATALOG_COMPILER_APPICON_NAME = AppIcon;
				ASSETCATALOG_COMPILER_GLOBAL_ACCENT_COLOR_NAME = AccentColor;
				CODE_SIGN_STYLE = Automatic;
				INFOPLIST_FILE = TestUICollectionViewCompositionalLayout/Info.plist;
				LD_RUNPATH_SEARCH_PATHS = (
					"$(inherited)",
					"@executable_path/Frameworks",
				);
				PRODUCT_BUNDLE_IDENTIFIER = com.github.matsuda.TestUICollectionViewCompositionalLayout;
				PRODUCT_NAME = "$(TARGET_NAME)";
				SWIFT_VERSION = 5.0;
				TARGETED_DEVICE_FAMILY = "1,2";
			};
			name = Debug;
		};
		0EDC975825359872008738A5 /* Release */ = {
			isa = XCBuildConfiguration;
			buildSettings = {
				ALWAYS_EMBED_SWIFT_STANDARD_LIBRARIES = YES;
				ASSETCATALOG_COMPILER_APPICON_NAME = AppIcon;
				ASSETCATALOG_COMPILER_GLOBAL_ACCENT_COLOR_NAME = AccentColor;
				CODE_SIGN_STYLE = Automatic;
				INFOPLIST_FILE = TestUICollectionViewCompositionalLayout/Info.plist;
				LD_RUNPATH_SEARCH_PATHS = (
					"$(inherited)",
					"@executable_path/Frameworks",
				);
				PRODUCT_BUNDLE_IDENTIFIER = com.github.matsuda.TestUICollectionViewCompositionalLayout;
				PRODUCT_NAME = "$(TARGET_NAME)";
				SWIFT_VERSION = 5.0;
				TARGETED_DEVICE_FAMILY = "1,2";
			};
			name = Release;
		};
		0EDC975A25359872008738A5 /* Debug */ = {
			isa = XCBuildConfiguration;
			buildSettings = {
				ALWAYS_EMBED_SWIFT_STANDARD_LIBRARIES = YES;
				BUNDLE_LOADER = "$(TEST_HOST)";
				CODE_SIGN_STYLE = Automatic;
				INFOPLIST_FILE = TestUICollectionViewCompositionalLayoutTests/Info.plist;
				IPHONEOS_DEPLOYMENT_TARGET = 14.0;
				LD_RUNPATH_SEARCH_PATHS = (
					"$(inherited)",
					"@executable_path/Frameworks",
					"@loader_path/Frameworks",
				);
				PRODUCT_BUNDLE_IDENTIFIER = com.github.matsuda.TestUICollectionViewCompositionalLayoutTests;
				PRODUCT_NAME = "$(TARGET_NAME)";
				SWIFT_VERSION = 5.0;
				TARGETED_DEVICE_FAMILY = "1,2";
				TEST_HOST = "$(BUILT_PRODUCTS_DIR)/TestUICollectionViewCompositionalLayout.app/TestUICollectionViewCompositionalLayout";
			};
			name = Debug;
		};
		0EDC975B25359872008738A5 /* Release */ = {
			isa = XCBuildConfiguration;
			buildSettings = {
				ALWAYS_EMBED_SWIFT_STANDARD_LIBRARIES = YES;
				BUNDLE_LOADER = "$(TEST_HOST)";
				CODE_SIGN_STYLE = Automatic;
				INFOPLIST_FILE = TestUICollectionViewCompositionalLayoutTests/Info.plist;
				IPHONEOS_DEPLOYMENT_TARGET = 14.0;
				LD_RUNPATH_SEARCH_PATHS = (
					"$(inherited)",
					"@executable_path/Frameworks",
					"@loader_path/Frameworks",
				);
				PRODUCT_BUNDLE_IDENTIFIER = com.github.matsuda.TestUICollectionViewCompositionalLayoutTests;
				PRODUCT_NAME = "$(TARGET_NAME)";
				SWIFT_VERSION = 5.0;
				TARGETED_DEVICE_FAMILY = "1,2";
				TEST_HOST = "$(BUILT_PRODUCTS_DIR)/TestUICollectionViewCompositionalLayout.app/TestUICollectionViewCompositionalLayout";
			};
			name = Release;
		};
		0EDC975D25359872008738A5 /* Debug */ = {
			isa = XCBuildConfiguration;
			buildSettings = {
				ALWAYS_EMBED_SWIFT_STANDARD_LIBRARIES = YES;
				CODE_SIGN_STYLE = Automatic;
				INFOPLIST_FILE = TestUICollectionViewCompositionalLayoutUITests/Info.plist;
				LD_RUNPATH_SEARCH_PATHS = (
					"$(inherited)",
					"@executable_path/Frameworks",
					"@loader_path/Frameworks",
				);
				PRODUCT_BUNDLE_IDENTIFIER = com.github.matsuda.TestUICollectionViewCompositionalLayoutUITests;
				PRODUCT_NAME = "$(TARGET_NAME)";
				SWIFT_VERSION = 5.0;
				TARGETED_DEVICE_FAMILY = "1,2";
				TEST_TARGET_NAME = TestUICollectionViewCompositionalLayout;
			};
			name = Debug;
		};
		0EDC975E25359872008738A5 /* Release */ = {
			isa = XCBuildConfiguration;
			buildSettings = {
				ALWAYS_EMBED_SWIFT_STANDARD_LIBRARIES = YES;
				CODE_SIGN_STYLE = Automatic;
				INFOPLIST_FILE = TestUICollectionViewCompositionalLayoutUITests/Info.plist;
				LD_RUNPATH_SEARCH_PATHS = (
					"$(inherited)",
					"@executable_path/Frameworks",
					"@loader_path/Frameworks",
				);
				PRODUCT_BUNDLE_IDENTIFIER = com.github.matsuda.TestUICollectionViewCompositionalLayoutUITests;
				PRODUCT_NAME = "$(TARGET_NAME)";
				SWIFT_VERSION = 5.0;
				TARGETED_DEVICE_FAMILY = "1,2";
				TEST_TARGET_NAME = TestUICollectionViewCompositionalLayout;
			};
			name = Release;
		};
		0EDC97C22535A910008738A5 /* Debug */ = {
			isa = XCBuildConfiguration;
			buildSettings = {
				CLANG_ENABLE_MODULES = YES;
				CODE_SIGN_STYLE = Automatic;
				CURRENT_PROJECT_VERSION = 1;
				DEFINES_MODULE = YES;
				DYLIB_COMPATIBILITY_VERSION = 1;
				DYLIB_CURRENT_VERSION = 1;
				DYLIB_INSTALL_NAME_BASE = "@rpath";
				INFOPLIST_FILE = API/Info.plist;
				INSTALL_PATH = "$(LOCAL_LIBRARY_DIR)/Frameworks";
				LD_RUNPATH_SEARCH_PATHS = (
					"$(inherited)",
					"@executable_path/Frameworks",
					"@loader_path/Frameworks",
				);
				PRODUCT_BUNDLE_IDENTIFIER = com.github.matsuda.API;
				PRODUCT_NAME = "$(TARGET_NAME:c99extidentifier)";
				SKIP_INSTALL = YES;
				SWIFT_OPTIMIZATION_LEVEL = "-Onone";
				SWIFT_VERSION = 5.0;
				TARGETED_DEVICE_FAMILY = "1,2";
				VERSIONING_SYSTEM = "apple-generic";
				VERSION_INFO_PREFIX = "";
			};
			name = Debug;
		};
		0EDC97C32535A910008738A5 /* Release */ = {
			isa = XCBuildConfiguration;
			buildSettings = {
				CLANG_ENABLE_MODULES = YES;
				CODE_SIGN_STYLE = Automatic;
				CURRENT_PROJECT_VERSION = 1;
				DEFINES_MODULE = YES;
				DYLIB_COMPATIBILITY_VERSION = 1;
				DYLIB_CURRENT_VERSION = 1;
				DYLIB_INSTALL_NAME_BASE = "@rpath";
				INFOPLIST_FILE = API/Info.plist;
				INSTALL_PATH = "$(LOCAL_LIBRARY_DIR)/Frameworks";
				LD_RUNPATH_SEARCH_PATHS = (
					"$(inherited)",
					"@executable_path/Frameworks",
					"@loader_path/Frameworks",
				);
				PRODUCT_BUNDLE_IDENTIFIER = com.github.matsuda.API;
				PRODUCT_NAME = "$(TARGET_NAME:c99extidentifier)";
				SKIP_INSTALL = YES;
				SWIFT_VERSION = 5.0;
				TARGETED_DEVICE_FAMILY = "1,2";
				VERSIONING_SYSTEM = "apple-generic";
				VERSION_INFO_PREFIX = "";
			};
			name = Release;
		};
		0EDC97C62535A910008738A5 /* Debug */ = {
			isa = XCBuildConfiguration;
			buildSettings = {
				ALWAYS_EMBED_SWIFT_STANDARD_LIBRARIES = YES;
				CODE_SIGN_STYLE = Automatic;
				INFOPLIST_FILE = APITests/Info.plist;
				LD_RUNPATH_SEARCH_PATHS = (
					"$(inherited)",
					"@executable_path/Frameworks",
					"@loader_path/Frameworks",
				);
				PRODUCT_BUNDLE_IDENTIFIER = com.github.matsuda.APITests;
				PRODUCT_NAME = "$(TARGET_NAME)";
				SWIFT_VERSION = 5.0;
				TARGETED_DEVICE_FAMILY = "1,2";
				TEST_HOST = "$(BUILT_PRODUCTS_DIR)/TestUICollectionViewCompositionalLayout.app/TestUICollectionViewCompositionalLayout";
			};
			name = Debug;
		};
		0EDC97C72535A910008738A5 /* Release */ = {
			isa = XCBuildConfiguration;
			buildSettings = {
				ALWAYS_EMBED_SWIFT_STANDARD_LIBRARIES = YES;
				CODE_SIGN_STYLE = Automatic;
				INFOPLIST_FILE = APITests/Info.plist;
				LD_RUNPATH_SEARCH_PATHS = (
					"$(inherited)",
					"@executable_path/Frameworks",
					"@loader_path/Frameworks",
				);
				PRODUCT_BUNDLE_IDENTIFIER = com.github.matsuda.APITests;
				PRODUCT_NAME = "$(TARGET_NAME)";
				SWIFT_VERSION = 5.0;
				TARGETED_DEVICE_FAMILY = "1,2";
				TEST_HOST = "$(BUILT_PRODUCTS_DIR)/TestUICollectionViewCompositionalLayout.app/TestUICollectionViewCompositionalLayout";
			};
			name = Release;
		};
/* End XCBuildConfiguration section */

/* Begin XCConfigurationList section */
		0E57A7EC2539974C00E5423E /* Build configuration list for PBXNativeTarget "Library" */ = {
			isa = XCConfigurationList;
			buildConfigurations = (
				0E57A7E82539974C00E5423E /* Debug */,
				0E57A7E92539974C00E5423E /* Release */,
			);
			defaultConfigurationIsVisible = 0;
			defaultConfigurationName = Release;
		};
		0E57A7ED2539974C00E5423E /* Build configuration list for PBXNativeTarget "LibraryTests" */ = {
			isa = XCConfigurationList;
			buildConfigurations = (
				0E57A7EA2539974C00E5423E /* Debug */,
				0E57A7EB2539974C00E5423E /* Release */,
			);
			defaultConfigurationIsVisible = 0;
			defaultConfigurationName = Release;
		};
		0EDC972725359870008738A5 /* Build configuration list for PBXProject "TestUICollectionViewCompositionalLayout" */ = {
			isa = XCConfigurationList;
			buildConfigurations = (
				0EDC975425359872008738A5 /* Debug */,
				0EDC975525359872008738A5 /* Release */,
			);
			defaultConfigurationIsVisible = 0;
			defaultConfigurationName = Release;
		};
		0EDC975625359872008738A5 /* Build configuration list for PBXNativeTarget "TestUICollectionViewCompositionalLayout" */ = {
			isa = XCConfigurationList;
			buildConfigurations = (
				0EDC975725359872008738A5 /* Debug */,
				0EDC975825359872008738A5 /* Release */,
			);
			defaultConfigurationIsVisible = 0;
			defaultConfigurationName = Release;
		};
		0EDC975925359872008738A5 /* Build configuration list for PBXNativeTarget "TestUICollectionViewCompositionalLayoutTests" */ = {
			isa = XCConfigurationList;
			buildConfigurations = (
				0EDC975A25359872008738A5 /* Debug */,
				0EDC975B25359872008738A5 /* Release */,
			);
			defaultConfigurationIsVisible = 0;
			defaultConfigurationName = Release;
		};
		0EDC975C25359872008738A5 /* Build configuration list for PBXNativeTarget "TestUICollectionViewCompositionalLayoutUITests" */ = {
			isa = XCConfigurationList;
			buildConfigurations = (
				0EDC975D25359872008738A5 /* Debug */,
				0EDC975E25359872008738A5 /* Release */,
			);
			defaultConfigurationIsVisible = 0;
			defaultConfigurationName = Release;
		};
		0EDC97C12535A910008738A5 /* Build configuration list for PBXNativeTarget "API" */ = {
			isa = XCConfigurationList;
			buildConfigurations = (
				0EDC97C22535A910008738A5 /* Debug */,
				0EDC97C32535A910008738A5 /* Release */,
			);
			defaultConfigurationIsVisible = 0;
			defaultConfigurationName = Release;
		};
		0EDC97C52535A910008738A5 /* Build configuration list for PBXNativeTarget "APITests" */ = {
			isa = XCConfigurationList;
			buildConfigurations = (
				0EDC97C62535A910008738A5 /* Debug */,
				0EDC97C72535A910008738A5 /* Release */,
			);
			defaultConfigurationIsVisible = 0;
			defaultConfigurationName = Release;
		};
/* End XCConfigurationList section */
	};
	rootObject = 0EDC972425359870008738A5 /* Project object */;
}
